<?xml version="1.0" encoding="utf-8"?>
<Project ToolsVersion="4.0" xmlns="http://schemas.microsoft.com/developer/msbuild/2003">
  <ItemGroup>
    <Filter Include="Source Files">
      <UniqueIdentifier>{4FC737F1-C7A5-4376-A066-2A32D752A2FF}</UniqueIdentifier>
      <Extensions>cpp;c;cc;cxx;def;odl;idl;hpj;bat;asm;asmx</Extensions>
    </Filter>
    <Filter Include="Header Files">
      <UniqueIdentifier>{93995380-89BD-4b04-88EB-625FBE52EBFB}</UniqueIdentifier>
      <Extensions>h;hpp;hxx;hm;inl;inc;xsd</Extensions>
    </Filter>
    <Filter Include="Resource Files">
      <UniqueIdentifier>{67DA6AB6-F800-4c08-8B7A-83BB121AAD01}</UniqueIdentifier>
      <Extensions>rc;ico;cur;bmp;dlg;rc2;rct;bin;rgs;gif;jpg;jpeg;jpe;resx;tiff;tif;png;wav;mfcribbon-ms</Extensions>
    </Filter>
    <Filter Include="Source Files\Screens">
      <UniqueIdentifier>{afdd8069-a7b1-43d2-a645-e29a171120c7}</UniqueIdentifier>
    </Filter>
    <Filter Include="Header Files\Screens">
      <UniqueIdentifier>{10035d68-4e21-445d-953b-6c2662f6cd5a}</UniqueIdentifier>
    </Filter>
    <Filter Include="Header Files\Armor">
      <UniqueIdentifier>{ce8b8f06-28b1-4f95-ab6c-fc4ca2f98fcc}</UniqueIdentifier>
    </Filter>
    <Filter Include="Source Files\Armor">
      <UniqueIdentifier>{d74c7475-c25e-4cb7-bb63-1b96d51fb173}</UniqueIdentifier>
    </Filter>
    <Filter Include="Source Files\Weapon">
      <UniqueIdentifier>{ed151820-b350-4d43-bf29-c302ef788062}</UniqueIdentifier>
    </Filter>
    <Filter Include="Header Files\Weapon">
      <UniqueIdentifier>{b1f2c2a4-0192-4fa8-aa76-30976d96b9c1}</UniqueIdentifier>
    </Filter>
    <Filter Include="Header Files\Entitys">
      <UniqueIdentifier>{1ae88e80-1414-40b4-8e31-5cb15b6640a9}</UniqueIdentifier>
    </Filter>
    <Filter Include="Source Files\Entitys">
      <UniqueIdentifier>{1208ccf6-0d1a-4975-a6c3-23ecb718bb92}</UniqueIdentifier>
    </Filter>
  </ItemGroup>
  <ItemGroup>
    <ClCompile Include="Main.cpp">
      <Filter>Source Files</Filter>
    </ClCompile>
    <ClCompile Include="ScreenHandler.cpp">
      <Filter>Source Files</Filter>
    </ClCompile>
    <ClCompile Include="SMaRTObject.cpp">
      <Filter>Source Files</Filter>
    </ClCompile>
    <ClCompile Include="GameScreen.cpp">
      <Filter>Source Files\Screens</Filter>
    </ClCompile>
    <ClCompile Include="BaseScreen.cpp">
      <Filter>Source Files\Screens</Filter>
    </ClCompile>
    <ClCompile Include="Zombie.cpp">
      <Filter>Source Files\Entitys</Filter>
    </ClCompile>
    <ClCompile Include="Armor.cpp">
      <Filter>Source Files\Armor</Filter>
    </ClCompile>
    <ClCompile Include="body.cpp">
      <Filter>Source Files\Armor</Filter>
    </ClCompile>
    <ClCompile Include="legs.cpp">
      <Filter>Source Files\Armor</Filter>
    </ClCompile>
    <ClCompile Include="socks.cpp">
      <Filter>Source Files\Armor</Filter>
    </ClCompile>
    <ClCompile Include="Head.cpp">
      <Filter>Source Files\Armor</Filter>
    </ClCompile>
    <ClCompile Include="Weapon.cpp">
      <Filter>Source Files\Weapon</Filter>
    </ClCompile>
    <ClCompile Include="MenuScreen.cpp">
      <Filter>Source Files\Screens</Filter>
    </ClCompile>
    <ClCompile Include="Player.cpp">
      <Filter>Source Files\Entitys</Filter>
    </ClCompile>
    <ClCompile Include="Entity.cpp">
      <Filter>Source Files\Entitys</Filter>
    </ClCompile>
    <ClCompile Include="Projectile.cpp">
      <Filter>Source Files</Filter>
    </ClCompile>
    <ClCompile Include="GameObject.cpp">
      <Filter>Source Files</Filter>
    </ClCompile>
  </ItemGroup>
  <ItemGroup>
    <ClInclude Include="ScreenHandler.h">
      <Filter>Header Files</Filter>
    </ClInclude>
    <ClInclude Include="SMaRTObject.h">
      <Filter>Header Files</Filter>
    </ClInclude>
    <ClInclude Include="GameScreen.h">
      <Filter>Header Files\Screens</Filter>
    </ClInclude>
    <ClInclude Include="MenuScreen.h">
      <Filter>Header Files\Screens</Filter>
    </ClInclude>
    <ClInclude Include="BaseScreen.h">
      <Filter>Header Files\Screens</Filter>
    </ClInclude>
    <ClInclude Include="Zombie.h">
      <Filter>Header Files\Entitys</Filter>
    </ClInclude>
    <ClInclude Include="Armor.h">
      <Filter>Header Files\Armor</Filter>
    </ClInclude>
    <ClInclude Include="head.h">
      <Filter>Header Files\Armor</Filter>
    </ClInclude>
    <ClInclude Include="body.h">
      <Filter>Header Files\Armor</Filter>
    </ClInclude>
    <ClInclude Include="legs.h">
      <Filter>Header Files\Armor</Filter>
    </ClInclude>
    <ClInclude Include="socks.h">
      <Filter>Header Files\Armor</Filter>
    </ClInclude>
    <ClInclude Include="Weapon.h">
      <Filter>Header Files\Weapon</Filter>
    </ClInclude>
    <ClInclude Include="Player.h">
      <Filter>Header Files\Entitys</Filter>
    </ClInclude>
    <ClInclude Include="Entity.h">
      <Filter>Header Files\Entitys</Filter>
    </ClInclude>
    <ClInclude Include="Projectile.h">
      <Filter>Header Files</Filter>
    </ClInclude>
    <ClInclude Include="GameObject.h">
      <Filter>Header Files</Filter>
    </ClInclude>
    <ClInclude Include="Utilities.h">
      <Filter>Header Files</Filter>
    </ClInclude>
  </ItemGroup>
</Project>